// !$*UTF8*$!
{
	archiveVersion = 1;
	classes = {
	};
	objectVersion = 48;
	objects = {

/* Begin PBXBuildFile section */
		E45293BE207CBCA700C0BF04 /* AppDelegate.m in Sources */ = {isa = PBXBuildFile; fileRef = E45293BD207CBCA700C0BF04 /* AppDelegate.m */; };
		E45293C1207CBCA700C0BF04 /* ViewController.m in Sources */ = {isa = PBXBuildFile; fileRef = E45293C0207CBCA700C0BF04 /* ViewController.m */; };
		E45293C4207CBCA700C0BF04 /* Main.storyboard in Resources */ = {isa = PBXBuildFile; fileRef = E45293C2207CBCA700C0BF04 /* Main.storyboard */; };
		E45293C6207CBCA700C0BF04 /* Assets.xcassets in Resources */ = {isa = PBXBuildFile; fileRef = E45293C5207CBCA700C0BF04 /* Assets.xcassets */; };
		E45293C9207CBCA700C0BF04 /* LaunchScreen.storyboard in Resources */ = {isa = PBXBuildFile; fileRef = E45293C7207CBCA700C0BF04 /* LaunchScreen.storyboard */; };
		E45293CC207CBCA700C0BF04 /* main.m in Sources */ = {isa = PBXBuildFile; fileRef = E45293CB207CBCA700C0BF04 /* main.m */; };
		E45293D6207CBCA700C0BF04 /* TestChartsTests.m in Sources */ = {isa = PBXBuildFile; fileRef = E45293D5207CBCA700C0BF04 /* TestChartsTests.m */; };
		E45293E1207CBCA700C0BF04 /* TestChartsUITests.m in Sources */ = {isa = PBXBuildFile; fileRef = E45293E0207CBCA700C0BF04 /* TestChartsUITests.m */; };
		E45293FE207CBD5800C0BF04 /* File.swift in Sources */ = {isa = PBXBuildFile; fileRef = E45293FD207CBD5800C0BF04 /* File.swift */; };
/* End PBXBuildFile section */

/* Begin PBXContainerItemProxy section */
		E45293D2207CBCA700C0BF04 /* PBXContainerItemProxy */ = {
			isa = PBXContainerItemProxy;
			containerPortal = E45293B1207CBCA700C0BF04 /* Project object */;
			proxyType = 1;
			remoteGlobalIDString = E45293B8207CBCA700C0BF04;
			remoteInfo = TestCharts;
		};
		E45293DD207CBCA700C0BF04 /* PBXContainerItemProxy */ = {
			isa = PBXContainerItemProxy;
			containerPortal = E45293B1207CBCA700C0BF04 /* Project object */;
			proxyType = 1;
			remoteGlobalIDString = E45293B8207CBCA700C0BF04;
			remoteInfo = TestCharts;
		};
		E452940D207CBFE900C0BF04 /* PBXContainerItemProxy */ = {
			isa = PBXContainerItemProxy;
			containerPortal = E4529408207CBFE900C0BF04 /* Charts.xcodeproj */;
			proxyType = 2;
			remoteGlobalIDString = 65AD9E95D9ED4DC0BD73A743;
			remoteInfo = Charts;
		};
		E452940F207CBFE900C0BF04 /* PBXContainerItemProxy */ = {
			isa = PBXContainerItemProxy;
			containerPortal = E4529408207CBFE900C0BF04 /* Charts.xcodeproj */;
			proxyType = 2;
			remoteGlobalIDString = 1CBBC58C6CE1EBEE9852CE41;
			remoteInfo = ChartsTests;
		};
/* End PBXContainerItemProxy section */

/* Begin PBXCopyFilesBuildPhase section */
		E45293FB207CBD4B00C0BF04 /* Embed Frameworks */ = {
			isa = PBXCopyFilesBuildPhase;
			buildActionMask = 2147483647;
			dstPath = "";
			dstSubfolderSpec = 10;
			files = (
			);
			name = "Embed Frameworks";
			runOnlyForDeploymentPostprocessing = 0;
		};
/* End PBXCopyFilesBuildPhase section */

/* Begin PBXFileReference section */
		E45293B9207CBCA700C0BF04 /* TestCharts.app */ = {isa = PBXFileReference; explicitFileType = wrapper.application; includeInIndex = 0; path = TestCharts.app; sourceTree = BUILT_PRODUCTS_DIR; };
		E45293BC207CBCA700C0BF04 /* AppDelegate.h */ = {isa = PBXFileReference; lastKnownFileType = sourcecode.c.h; path = AppDelegate.h; sourceTree = "<group>"; };
		E45293BD207CBCA700C0BF04 /* AppDelegate.m */ = {isa = PBXFileReference; lastKnownFileType = sourcecode.c.objc; path = AppDelegate.m; sourceTree = "<group>"; };
		E45293BF207CBCA700C0BF04 /* ViewController.h */ = {isa = PBXFileReference; lastKnownFileType = sourcecode.c.h; path = ViewController.h; sourceTree = "<group>"; };
		E45293C0207CBCA700C0BF04 /* ViewController.m */ = {isa = PBXFileReference; lastKnownFileType = sourcecode.c.objc; path = ViewController.m; sourceTree = "<group>"; };
		E45293C3207CBCA700C0BF04 /* Base */ = {isa = PBXFileReference; lastKnownFileType = file.storyboard; name = Base; path = Base.lproj/Main.storyboard; sourceTree = "<group>"; };
		E45293C5207CBCA700C0BF04 /* Assets.xcassets */ = {isa = PBXFileReference; lastKnownFileType = folder.assetcatalog; path = Assets.xcassets; sourceTree = "<group>"; };
		E45293C8207CBCA700C0BF04 /* Base */ = {isa = PBXFileReference; lastKnownFileType = file.storyboard; name = Base; path = Base.lproj/LaunchScreen.storyboard; sourceTree = "<group>"; };
		E45293CA207CBCA700C0BF04 /* Info.plist */ = {isa = PBXFileReference; lastKnownFileType = text.plist.xml; path = Info.plist; sourceTree = "<group>"; };
		E45293CB207CBCA700C0BF04 /* main.m */ = {isa = PBXFileReference; lastKnownFileType = sourcecode.c.objc; path = main.m; sourceTree = "<group>"; };
		E45293D1207CBCA700C0BF04 /* TestChartsTests.xctest */ = {isa = PBXFileReference; explicitFileType = wrapper.cfbundle; includeInIndex = 0; path = TestChartsTests.xctest; sourceTree = BUILT_PRODUCTS_DIR; };
		E45293D5207CBCA700C0BF04 /* TestChartsTests.m */ = {isa = PBXFileReference; lastKnownFileType = sourcecode.c.objc; path = TestChartsTests.m; sourceTree = "<group>"; };
		E45293D7207CBCA700C0BF04 /* Info.plist */ = {isa = PBXFileReference; lastKnownFileType = text.plist.xml; path = Info.plist; sourceTree = "<group>"; };
		E45293DC207CBCA700C0BF04 /* TestChartsUITests.xctest */ = {isa = PBXFileReference; explicitFileType = wrapper.cfbundle; includeInIndex = 0; path = TestChartsUITests.xctest; sourceTree = BUILT_PRODUCTS_DIR; };
		E45293E0207CBCA700C0BF04 /* TestChartsUITests.m */ = {isa = PBXFileReference; lastKnownFileType = sourcecode.c.objc; path = TestChartsUITests.m; sourceTree = "<group>"; };
		E45293E2207CBCA700C0BF04 /* Info.plist */ = {isa = PBXFileReference; lastKnownFileType = text.plist.xml; path = Info.plist; sourceTree = "<group>"; };
		E45293FC207CBD5800C0BF04 /* TestCharts-Bridging-Header.h */ = {isa = PBXFileReference; lastKnownFileType = sourcecode.c.h; path = "TestCharts-Bridging-Header.h"; sourceTree = "<group>"; };
		E45293FD207CBD5800C0BF04 /* File.swift */ = {isa = PBXFileReference; lastKnownFileType = sourcecode.swift; path = File.swift; sourceTree = "<group>"; };
		E4529408207CBFE900C0BF04 /* Charts.xcodeproj */ = {isa = PBXFileReference; lastKnownFileType = "wrapper.pb-project"; name = Charts.xcodeproj; path = "Charts-master/Charts.xcodeproj"; sourceTree = "<group>"; };
/* End PBXFileReference section */

/* Begin PBXFrameworksBuildPhase section */
		E45293B6207CBCA700C0BF04 /* Frameworks */ = {
			isa = PBXFrameworksBuildPhase;
			buildActionMask = 2147483647;
			files = (
			);
			runOnlyForDeploymentPostprocessing = 0;
		};
		E45293CE207CBCA700C0BF04 /* Frameworks */ = {
			isa = PBXFrameworksBuildPhase;
			buildActionMask = 2147483647;
			files = (
			);
			runOnlyForDeploymentPostprocessing = 0;
		};
		E45293D9207CBCA700C0BF04 /* Frameworks */ = {
			isa = PBXFrameworksBuildPhase;
			buildActionMask = 2147483647;
			files = (
			);
			runOnlyForDeploymentPostprocessing = 0;
		};
/* End PBXFrameworksBuildPhase section */

/* Begin PBXGroup section */
		E45293B0207CBCA700C0BF04 = {
			isa = PBXGroup;
			children = (
				E45293FD207CBD5800C0BF04 /* File.swift */,
				E4529408207CBFE900C0BF04 /* Charts.xcodeproj */,
				E45293BB207CBCA700C0BF04 /* TestCharts */,
				E45293D4207CBCA700C0BF04 /* TestChartsTests */,
				E45293DF207CBCA700C0BF04 /* TestChartsUITests */,
				E45293BA207CBCA700C0BF04 /* Products */,
				E45293FC207CBD5800C0BF04 /* TestCharts-Bridging-Header.h */,
			);
			sourceTree = "<group>";
		};
		E45293BA207CBCA700C0BF04 /* Products */ = {
			isa = PBXGroup;
			children = (
				E45293B9207CBCA700C0BF04 /* TestCharts.app */,
				E45293D1207CBCA700C0BF04 /* TestChartsTests.xctest */,
				E45293DC207CBCA700C0BF04 /* TestChartsUITests.xctest */,
			);
			name = Products;
			sourceTree = "<group>";
		};
		E45293BB207CBCA700C0BF04 /* TestCharts */ = {
			isa = PBXGroup;
			children = (
				E45293BC207CBCA700C0BF04 /* AppDelegate.h */,
				E45293BD207CBCA700C0BF04 /* AppDelegate.m */,
				E45293BF207CBCA700C0BF04 /* ViewController.h */,
				E45293C0207CBCA700C0BF04 /* ViewController.m */,
				E45293C2207CBCA700C0BF04 /* Main.storyboard */,
				E45293C5207CBCA700C0BF04 /* Assets.xcassets */,
				E45293C7207CBCA700C0BF04 /* LaunchScreen.storyboard */,
				E45293CA207CBCA700C0BF04 /* Info.plist */,
				E45293CB207CBCA700C0BF04 /* main.m */,
			);
			path = TestCharts;
			sourceTree = "<group>";
		};
		E45293D4207CBCA700C0BF04 /* TestChartsTests */ = {
			isa = PBXGroup;
			children = (
				E45293D5207CBCA700C0BF04 /* TestChartsTests.m */,
				E45293D7207CBCA700C0BF04 /* Info.plist */,
			);
			path = TestChartsTests;
			sourceTree = "<group>";
		};
		E45293DF207CBCA700C0BF04 /* TestChartsUITests */ = {
			isa = PBXGroup;
			children = (
				E45293E0207CBCA700C0BF04 /* TestChartsUITests.m */,
				E45293E2207CBCA700C0BF04 /* Info.plist */,
			);
			path = TestChartsUITests;
			sourceTree = "<group>";
		};
		E4529409207CBFE900C0BF04 /* Products */ = {
			isa = PBXGroup;
			children = (
				E452940E207CBFE900C0BF04 /* Charts.framework */,
				E4529410207CBFE900C0BF04 /* ChartsTests.xctest */,
			);
			name = Products;
			sourceTree = "<group>";
		};
/* End PBXGroup section */

/* Begin PBXNativeTarget section */
		E45293B8207CBCA700C0BF04 /* TestCharts */ = {
			isa = PBXNativeTarget;
			buildConfigurationList = E45293E5207CBCA700C0BF04 /* Build configuration list for PBXNativeTarget "TestCharts" */;
			buildPhases = (
				E45293B5207CBCA700C0BF04 /* Sources */,
				E45293B6207CBCA700C0BF04 /* Frameworks */,
				E45293B7207CBCA700C0BF04 /* Resources */,
				E45293FB207CBD4B00C0BF04 /* Embed Frameworks */,
			);
			buildRules = (
			);
			dependencies = (
			);
			name = TestCharts;
			productName = TestCharts;
			productReference = E45293B9207CBCA700C0BF04 /* TestCharts.app */;
			productType = "com.apple.product-type.application";
		};
		E45293D0207CBCA700C0BF04 /* TestChartsTests */ = {
			isa = PBXNativeTarget;
			buildConfigurationList = E45293E8207CBCA700C0BF04 /* Build configuration list for PBXNativeTarget "TestChartsTests" */;
			buildPhases = (
				E45293CD207CBCA700C0BF04 /* Sources */,
				E45293CE207CBCA700C0BF04 /* Frameworks */,
				E45293CF207CBCA700C0BF04 /* Resources */,
			);
			buildRules = (
			);
			dependencies = (
				E45293D3207CBCA700C0BF04 /* PBXTargetDependency */,
			);
			name = TestChartsTests;
			productName = TestChartsTests;
			productReference = E45293D1207CBCA700C0BF04 /* TestChartsTests.xctest */;
			productType = "com.apple.product-type.bundle.unit-test";
		};
		E45293DB207CBCA700C0BF04 /* TestChartsUITests */ = {
			isa = PBXNativeTarget;
			buildConfigurationList = E45293EB207CBCA700C0BF04 /* Build configuration list for PBXNativeTarget "TestChartsUITests" */;
			buildPhases = (
				E45293D8207CBCA700C0BF04 /* Sources */,
				E45293D9207CBCA700C0BF04 /* Frameworks */,
				E45293DA207CBCA700C0BF04 /* Resources */,
			);
			buildRules = (
			);
			dependencies = (
				E45293DE207CBCA700C0BF04 /* PBXTargetDependency */,
			);
			name = TestChartsUITests;
			productName = TestChartsUITests;
			productReference = E45293DC207CBCA700C0BF04 /* TestChartsUITests.xctest */;
			productType = "com.apple.product-type.bundle.ui-testing";
		};
/* End PBXNativeTarget section */

/* Begin PBXProject section */
		E45293B1207CBCA700C0BF04 /* Project object */ = {
			isa = PBXProject;
			attributes = {
				LastUpgradeCheck = 0920;
				ORGANIZATIONNAME = dreamHeader;
				TargetAttributes = {
					E45293B8207CBCA700C0BF04 = {
						CreatedOnToolsVersion = 9.2;
						LastSwiftMigration = 0920;
						ProvisioningStyle = Automatic;
					};
					E45293D0207CBCA700C0BF04 = {
						CreatedOnToolsVersion = 9.2;
						ProvisioningStyle = Automatic;
						TestTargetID = E45293B8207CBCA700C0BF04;
					};
					E45293DB207CBCA700C0BF04 = {
						CreatedOnToolsVersion = 9.2;
						ProvisioningStyle = Automatic;
						TestTargetID = E45293B8207CBCA700C0BF04;
					};
				};
			};
			buildConfigurationList = E45293B4207CBCA700C0BF04 /* Build configuration list for PBXProject "TestCharts" */;
			compatibilityVersion = "Xcode 8.0";
			developmentRegion = en;
			hasScannedForEncodings = 0;
			knownRegions = (
				en,
				Base,
			);
			mainGroup = E45293B0207CBCA700C0BF04;
			productRefGroup = E45293BA207CBCA700C0BF04 /* Products */;
			projectDirPath = "";
			projectReferences = (
				{
					ProductGroup = E4529409207CBFE900C0BF04 /* Products */;
					ProjectRef = E4529408207CBFE900C0BF04 /* Charts.xcodeproj */;
				},
			);
			projectRoot = "";
			targets = (
				E45293B8207CBCA700C0BF04 /* TestCharts */,
				E45293D0207CBCA700C0BF04 /* TestChartsTests */,
				E45293DB207CBCA700C0BF04 /* TestChartsUITests */,
			);
		};
/* End PBXProject section */

/* Begin PBXReferenceProxy section */
		E452940E207CBFE900C0BF04 /* Charts.framework */ = {
			isa = PBXReferenceProxy;
			fileType = wrapper.framework;
			path = Charts.framework;
			remoteRef = E452940D207CBFE900C0BF04 /* PBXContainerItemProxy */;
			sourceTree = BUILT_PRODUCTS_DIR;
		};
		E4529410207CBFE900C0BF04 /* ChartsTests.xctest */ = {
			isa = PBXReferenceProxy;
			fileType = wrapper.cfbundle;
			path = ChartsTests.xctest;
			remoteRef = E452940F207CBFE900C0BF04 /* PBXContainerItemProxy */;
			sourceTree = BUILT_PRODUCTS_DIR;
		};
/* End PBXReferenceProxy section */

/* Begin PBXResourcesBuildPhase section */
		E45293B7207CBCA700C0BF04 /* Resources */ = {
			isa = PBXResourcesBuildPhase;
			buildActionMask = 2147483647;
			files = (
				E45293C9207CBCA700C0BF04 /* LaunchScreen.storyboard in Resources */,
				E45293C6207CBCA700C0BF04 /* Assets.xcassets in Resources */,
				E45293C4207CBCA700C0BF04 /* Main.storyboard in Resources */,
			);
			runOnlyForDeploymentPostprocessing = 0;
		};
		E45293CF207CBCA700C0BF04 /* Resources */ = {
			isa = PBXResourcesBuildPhase;
			buildActionMask = 2147483647;
			files = (
			);
			runOnlyForDeploymentPostprocessing = 0;
		};
		E45293DA207CBCA700C0BF04 /* Resources */ = {
			isa = PBXResourcesBuildPhase;
			buildActionMask = 2147483647;
			files = (
			);
			runOnlyForDeploymentPostprocessing = 0;
		};
/* End PBXResourcesBuildPhase section */

/* Begin PBXSourcesBuildPhase section */
		E45293B5207CBCA700C0BF04 /* Sources */ = {
			isa = PBXSourcesBuildPhase;
			buildActionMask = 2147483647;
			files = (
				E45293C1207CBCA700C0BF04 /* ViewController.m in Sources */,
				E45293FE207CBD5800C0BF04 /* File.swift in Sources */,
				E45293CC207CBCA700C0BF04 /* main.m in Sources */,
				E45293BE207CBCA700C0BF04 /* AppDelegate.m in Sources */,
			);
			runOnlyForDeploymentPostprocessing = 0;
		};
		E45293CD207CBCA700C0BF04 /* Sources */ = {
			isa = PBXSourcesBuildPhase;
			buildActionMask = 2147483647;
			files = (
				E45293D6207CBCA700C0BF04 /* TestChartsTests.m in Sources */,
			);
			runOnlyForDeploymentPostprocessing = 0;
		};
		E45293D8207CBCA700C0BF04 /* Sources */ = {
			isa = PBXSourcesBuildPhase;
			buildActionMask = 2147483647;
			files = (
				E45293E1207CBCA700C0BF04 /* TestChartsUITests.m in Sources */,
			);
			runOnlyForDeploymentPostprocessing = 0;
		};
/* End PBXSourcesBuildPhase section */

/* Begin PBXTargetDependency section */
		E45293D3207CBCA700C0BF04 /* PBXTargetDependency */ = {
			isa = PBXTargetDependency;
			target = E45293B8207CBCA700C0BF04 /* TestCharts */;
			targetProxy = E45293D2207CBCA700C0BF04 /* PBXContainerItemProxy */;
		};
		E45293DE207CBCA700C0BF04 /* PBXTargetDependency */ = {
			isa = PBXTargetDependency;
			target = E45293B8207CBCA700C0BF04 /* TestCharts */;
			targetProxy = E45293DD207CBCA700C0BF04 /* PBXContainerItemProxy */;
		};
/* End PBXTargetDependency section */

/* Begin PBXVariantGroup section */
		E45293C2207CBCA700C0BF04 /* Main.storyboard */ = {
			isa = PBXVariantGroup;
			children = (
				E45293C3207CBCA700C0BF04 /* Base */,
			);
			name = Main.storyboard;
			sourceTree = "<group>";
		};
		E45293C7207CBCA700C0BF04 /* LaunchScreen.storyboard */ = {
			isa = PBXVariantGroup;
			children = (
				E45293C8207CBCA700C0BF04 /* Base */,
			);
			name = LaunchScreen.storyboard;
			sourceTree = "<group>";
		};
/* End PBXVariantGroup section */

/* Begin XCBuildConfiguration section */
		E45293E3207CBCA700C0BF04 /* Debug */ = {
			isa = XCBuildConfiguration;
			buildSettings = {
				ALWAYS_SEARCH_USER_PATHS = NO;
				CLANG_ANALYZER_NONNULL = YES;
				CLANG_ANALYZER_NUMBER_OBJECT_CONVERSION = YES_AGGRESSIVE;
				CLANG_CXX_LANGUAGE_STANDARD = "gnu++14";
				CLANG_CXX_LIBRARY = "libc++";
				CLANG_ENABLE_MODULES = YES;
				CLANG_ENABLE_OBJC_ARC = YES;
				CLANG_WARN_BLOCK_CAPTURE_AUTORELEASING = YES;
				CLANG_WARN_BOOL_CONVERSION = YES;
				CLANG_WARN_COMMA = YES;
				CLANG_WARN_CONSTANT_CONVERSION = YES;
				CLANG_WARN_DIRECT_OBJC_ISA_USAGE = YES_ERROR;
				CLANG_WARN_DOCUMENTATION_COMMENTS = YES;
				CLANG_WARN_EMPTY_BODY = YES;
				CLANG_WARN_ENUM_CONVERSION = YES;
				CLANG_WARN_INFINITE_RECURSION = YES;
				CLANG_WARN_INT_CONVERSION = YES;
				CLANG_WARN_NON_LITERAL_NULL_CONVERSION = YES;
				CLANG_WARN_OBJC_LITERAL_CONVERSION = YES;
				CLANG_WARN_OBJC_ROOT_CLASS = YES_ERROR;
				CLANG_WARN_RANGE_LOOP_ANALYSIS = YES;
				CLANG_WARN_STRICT_PROTOTYPES = YES;
				CLANG_WARN_SUSPICIOUS_MOVE = YES;
				CLANG_WARN_UNGUARDED_AVAILABILITY = YES_AGGRESSIVE;
				CLANG_WARN_UNREACHABLE_CODE = YES;
				CLANG_WARN__DUPLICATE_METHOD_MATCH = YES;
				CODE_SIGN_IDENTITY = "iPhone Developer";
				COPY_PHASE_STRIP = NO;
				DEBUG_INFORMATION_FORMAT = dwarf;
				ENABLE_STRICT_OBJC_MSGSEND = YES;
				ENABLE_TESTABILITY = YES;
				GCC_C_LANGUAGE_STANDARD = gnu11;
				GCC_DYNAMIC_NO_PIC = NO;
				GCC_NO_COMMON_BLOCKS = YES;
				GCC_OPTIMIZATION_LEVEL = 0;
				GCC_PREPROCESSOR_DEFINITIONS = (
					"DEBUG=1",
					"$(inherited)",
				);
				GCC_WARN_64_TO_32_BIT_CONVERSION = YES;
				GCC_WARN_ABOUT_RETURN_TYPE = YES_ERROR;
				GCC_WARN_UNDECLARED_SELECTOR = YES;
				GCC_WARN_UNINITIALIZED_AUTOS = YES_AGGRESSIVE;
				GCC_WARN_UNUSED_FUNCTION = YES;
				GCC_WARN_UNUSED_VARIABLE = YES;
				IPHONEOS_DEPLOYMENT_TARGET = 11.2;
				MTL_ENABLE_DEBUG_INFO = YES;
				ONLY_ACTIVE_ARCH = YES;
				SDKROOT = iphoneos;
			};
			name = Debug;
		};
		E45293E4207CBCA700C0BF04 /* Release */ = {
			isa = XCBuildConfiguration;
			buildSettings = {
				ALWAYS_SEARCH_USER_PATHS = NO;
				CLANG_ANALYZER_NONNULL = YES;
				CLANG_ANALYZER_NUMBER_OBJECT_CONVERSION = YES_AGGRESSIVE;
				CLANG_CXX_LANGUAGE_STANDARD = "gnu++14";
				CLANG_CXX_LIBRARY = "libc++";
				CLANG_ENABLE_MODULES = YES;
				CLANG_ENABLE_OBJC_ARC = YES;
				CLANG_WARN_BLOCK_CAPTURE_AUTORELEASING = YES;
				CLANG_WARN_BOOL_CONVERSION = YES;
				CLANG_WARN_COMMA = YES;
				CLANG_WARN_CONSTANT_CONVERSION = YES;
				CLANG_WARN_DIRECT_OBJC_ISA_USAGE = YES_ERROR;
				CLANG_WARN_DOCUMENTATION_COMMENTS = YES;
				CLANG_WARN_EMPTY_BODY = YES;
				CLANG_WARN_ENUM_CONVERSION = YES;
				CLANG_WARN_INFINITE_RECURSION = YES;
				CLANG_WARN_INT_CONVERSION = YES;
				CLANG_WARN_NON_LITERAL_NULL_CONVERSION = YES;
				CLANG_WARN_OBJC_LITERAL_CONVERSION = YES;
				CLANG_WARN_OBJC_ROOT_CLASS = YES_ERROR;
				CLANG_WARN_RANGE_LOOP_ANALYSIS = YES;
				CLANG_WARN_STRICT_PROTOTYPES = YES;
				CLANG_WARN_SUSPICIOUS_MOVE = YES;
				CLANG_WARN_UNGUARDED_AVAILABILITY = YES_AGGRESSIVE;
				CLANG_WARN_UNREACHABLE_CODE = YES;
				CLANG_WARN__DUPLICATE_METHOD_MATCH = YES;
				CODE_SIGN_IDENTITY = "iPhone Developer";
				COPY_PHASE_STRIP = NO;
				DEBUG_INFORMATION_FORMAT = "dwarf-with-dsym";
				ENABLE_NS_ASSERTIONS = NO;
				ENABLE_STRICT_OBJC_MSGSEND = YES;
				GCC_C_LANGUAGE_STANDARD = gnu11;
				GCC_NO_COMMON_BLOCKS = YES;
				GCC_WARN_64_TO_32_BIT_CONVERSION = YES;
				GCC_WARN_ABOUT_RETURN_TYPE = YES_ERROR;
				GCC_WARN_UNDECLARED_SELECTOR = YES;
				GCC_WARN_UNINITIALIZED_AUTOS = YES_AGGRESSIVE;
				GCC_WARN_UNUSED_FUNCTION = YES;
				GCC_WARN_UNUSED_VARIABLE = YES;
				IPHONEOS_DEPLOYMENT_TARGET = 11.2;
				MTL_ENABLE_DEBUG_INFO = NO;
				SDKROOT = iphoneos;
				VALIDATE_PRODUCT = YES;
			};
			name = Release;
		};
		E45293E6207CBCA700C0BF04 /* Debug */ = {
			isa = XCBuildConfiguration;
			buildSettings = {
				ALWAYS_EMBED_SWIFT_STANDARD_LIBRARIES = YES;
				ASSETCATALOG_COMPILER_APPICON_NAME = AppIcon;
				CLANG_ENABLE_MODULES = YES;
				CODE_SIGN_STYLE = Automatic;
				DEVELOPMENT_TEAM = 5YQ85Q9UV8;
				INFOPLIST_FILE = TestCharts/Info.plist;
				IPHONEOS_DEPLOYMENT_TARGET = 8.0;
				LD_RUNPATH_SEARCH_PATHS = "$(inherited) @executable_path/Frameworks";
				PRODUCT_BUNDLE_IDENTIFIER = cn.com.broadlink.TestCharts;
				PRODUCT_NAME = "$(TARGET_NAME)";
				SWIFT_OBJC_BRIDGING_HEADER = "TestCharts-Bridging-Header.h";
				SWIFT_OPTIMIZATION_LEVEL = "-Onone";
				SWIFT_VERSION = 3.0;
				TARGETED_DEVICE_FAMILY = "1,2";
			};
			name = Debug;
		};
		E45293E7207CBCA700C0BF04 /* Release */ = {
			isa = XCBuildConfiguration;
			buildSettings = {
				ALWAYS_EMBED_SWIFT_STANDARD_LIBRARIES = YES;
				ASSETCATALOG_COMPILER_APPICON_NAME = AppIcon;
				CLANG_ENABLE_MODULES = YES;
				CODE_SIGN_STYLE = Automatic;
				DEVELOPMENT_TEAM = 5YQ85Q9UV8;
				INFOPLIST_FILE = TestCharts/Info.plist;
				IPHONEOS_DEPLOYMENT_TARGET = 8.0;
				LD_RUNPATH_SEARCH_PATHS = "$(inherited) @executable_path/Frameworks";
				PRODUCT_BUNDLE_IDENTIFIER = cn.com.broadlink.TestCharts;
				PRODUCT_NAME = "$(TARGET_NAME)";
				SWIFT_OBJC_BRIDGING_HEADER = "TestCharts-Bridging-Header.h";
				SWIFT_VERSION = 3.0;
				TARGETED_DEVICE_FAMILY = "1,2";
			};
			name = Release;
		};
		E45293E9207CBCA700C0BF04 /* Debug */ = {
			isa = XCBuildConfiguration;
			buildSettings = {
				ALWAYS_EMBED_SWIFT_STANDARD_LIBRARIES = YES;
				BUNDLE_LOADER = "$(TEST_HOST)";
				CODE_SIGN_STYLE = Automatic;
				DEVELOPMENT_TEAM = 5YQ85Q9UV8;
				INFOPLIST_FILE = TestChartsTests/Info.plist;
				LD_RUNPATH_SEARCH_PATHS = "$(inherited) @executable_path/Frameworks @loader_path/Frameworks";
				PRODUCT_BUNDLE_IDENTIFIER = cn.com.broadlink.TestChartsTests;
				PRODUCT_NAME = "$(TARGET_NAME)";
				TARGETED_DEVICE_FAMILY = "1,2";
				TEST_HOST = "$(BUILT_PRODUCTS_DIR)/TestCharts.app/TestCharts";
			};
			name = Debug;
		};
		E45293EA207CBCA700C0BF04 /* Release */ = {
			isa = XCBuildConfiguration;
			buildSettings = {
				ALWAYS_EMBED_SWIFT_STANDARD_LIBRARIES = YES;
				BUNDLE_LOADER = "$(TEST_HOST)";
				CODE_SIGN_STYLE = Automatic;
				DEVELOPMENT_TEAM = 5YQ85Q9UV8;
				INFOPLIST_FILE = TestChartsTests/Info.plist;
				LD_RUNPATH_SEARCH_PATHS = "$(inherited) @executable_path/Frameworks @loader_path/Frameworks";
				PRODUCT_BUNDLE_IDENTIFIER = cn.com.broadlink.TestChartsTests;
				PRODUCT_NAME = "$(TARGET_NAME)";
				TARGETED_DEVICE_FAMILY = "1,2";
				TEST_HOST = "$(BUILT_PRODUCTS_DIR)/TestCharts.app/TestCharts";
			};
			name = Release;
		};
		E45293EC207CBCA700C0BF04 /* Debug */ = {
			isa = XCBuildConfiguration;
			buildSettings = {
				ALWAYS_EMBED_SWIFT_STANDARD_LIBRARIES = YES;
				CODE_SIGN_STYLE = Automatic;
				DEVELOPMENT_TEAM = 5YQ85Q9UV8;
				INFOPLIST_FILE = TestChartsUITests/Info.plist;
				LD_RUNPATH_SEARCH_PATHS = "$(inherited) @executable_path/Frameworks @loader_path/Frameworks";
				PRODUCT_BUNDLE_IDENTIFIER = cn.com.broadlink.TestChartsUITests;
				PRODUCT_NAME = "$(TARGET_NAME)";
				TARGETED_DEVICE_FAMILY = "1,2";
				TEST_TARGET_NAME = TestCharts;
			};
			name = Debug;
		};
		E45293ED207CBCA700C0BF04 /* Release */ = {
			isa = XCBuildConfiguration;
			buildSettings = {
				ALWAYS_EMBED_SWIFT_STANDARD_LIBRARIES = YES;
				CODE_SIGN_STYLE = Automatic;
				DEVELOPMENT_TEAM = 5YQ85Q9UV8;
				INFOPLIST_FILE = TestChartsUITests/Info.plist;
				LD_RUNPATH_SEARCH_PATHS = "$(inherited) @executable_path/Frameworks @loader_path/Frameworks";
				PRODUCT_BUNDLE_IDENTIFIER = cn.com.broadlink.TestChartsUITests;
				PRODUCT_NAME = "$(TARGET_NAME)";
				TARGETED_DEVICE_FAMILY = "1,2";
				TEST_TARGET_NAME = TestCharts;
			};
			name = Release;
		};
/* End XCBuildConfiguration section */

/* Begin XCConfigurationList section */
		E45293B4207CBCA700C0BF04 /* Build configuration list for PBXProject "TestCharts" */ = {
			isa = XCConfigurationList;
			buildConfigurations = (
				E45293E3207CBCA700C0BF04 /* Debug */,
				E45293E4207CBCA700C0BF04 /* Release */,
			);
			defaultConfigurationIsVisible = 0;
			defaultConfigurationName = Release;
		};
		E45293E5207CBCA700C0BF04 /* Build configuration list for PBXNativeTarget "TestCharts" */ = {
			isa = XCConfigurationList;
			buildConfigurations = (
				E45293E6207CBCA700C0BF04 /* Debug */,
				E45293E7207CBCA700C0BF04 /* Release */,
			);
			defaultConfigurationIsVisible = 0;
			defaultConfigurationName = Release;
		};
		E45293E8207CBCA700C0BF04 /* Build configuration list for PBXNativeTarget "TestChartsTests" */ = {
			isa = XCConfigurationList;
			buildConfigurations = (
				E45293E9207CBCA700C0BF04 /* Debug */,
				E45293EA207CBCA700C0BF04 /* Release */,
			);
			defaultConfigurationIsVisible = 0;
			defaultConfigurationName = Release;
		};
		E45293EB207CBCA700C0BF04 /* Build configuration list for PBXNativeTarget "TestChartsUITests" */ = {
			isa = XCConfigurationList;
			buildConfigurations = (
				E45293EC207CBCA700C0BF04 /* Debug */,
				E45293ED207CBCA700C0BF04 /* Release */,
			);
			defaultConfigurationIsVisible = 0;
			defaultConfigurationName = Release;
		};
/* End XCConfigurationList section */
	};
	rootObject = E45293B1207CBCA700C0BF04 /* Project object */;
}
